// !$*UTF8*$!
{
	archiveVersion = 1;
	classes = {
	};
	objectVersion = 50;
	objects = {

/* Begin PBXBuildFile section */
		5989BD5C269FF4F50021B2C2 /* AppDelegate.swift in Sources */ = {isa = PBXBuildFile; fileRef = 5989BD5B269FF4F50021B2C2 /* AppDelegate.swift */; };
		5989BD5E269FF4F50021B2C2 /* SceneDelegate.swift in Sources */ = {isa = PBXBuildFile; fileRef = 5989BD5D269FF4F50021B2C2 /* SceneDelegate.swift */; };
		5989BD60269FF4F50021B2C2 /* ViewController.swift in Sources */ = {isa = PBXBuildFile; fileRef = 5989BD5F269FF4F50021B2C2 /* ViewController.swift */; };
		5989BD63269FF4F50021B2C2 /* Main.storyboard in Resources */ = {isa = PBXBuildFile; fileRef = 5989BD61269FF4F50021B2C2 /* Main.storyboard */; };
		5989BD65269FF4F60021B2C2 /* Assets.xcassets in Resources */ = {isa = PBXBuildFile; fileRef = 5989BD64269FF4F60021B2C2 /* Assets.xcassets */; };
		5989BD68269FF4F60021B2C2 /* LaunchScreen.storyboard in Resources */ = {isa = PBXBuildFile; fileRef = 5989BD66269FF4F60021B2C2 /* LaunchScreen.storyboard */; };
		5989BD73269FF4F60021B2C2 /* UpDownGameTests.swift in Sources */ = {isa = PBXBuildFile; fileRef = 5989BD72269FF4F60021B2C2 /* UpDownGameTests.swift */; };
		5989BD7E269FF4F60021B2C2 /* UpDownGameUITests.swift in Sources */ = {isa = PBXBuildFile; fileRef = 5989BD7D269FF4F60021B2C2 /* UpDownGameUITests.swift */; };
		59A8988D26A571D500FADBDA /* CreditViewController.swift in Sources */ = {isa = PBXBuildFile; fileRef = 59A8988C26A571D500FADBDA /* CreditViewController.swift */; };
/* End PBXBuildFile section */

/* Begin PBXContainerItemProxy section */
		5989BD6F269FF4F60021B2C2 /* PBXContainerItemProxy */ = {
			isa = PBXContainerItemProxy;
			containerPortal = 5989BD50269FF4F50021B2C2 /* Project object */;
			proxyType = 1;
			remoteGlobalIDString = 5989BD57269FF4F50021B2C2;
			remoteInfo = UpDownGame;
		};
		5989BD7A269FF4F60021B2C2 /* PBXContainerItemProxy */ = {
			isa = PBXContainerItemProxy;
			containerPortal = 5989BD50269FF4F50021B2C2 /* Project object */;
			proxyType = 1;
			remoteGlobalIDString = 5989BD57269FF4F50021B2C2;
			remoteInfo = UpDownGame;
		};
/* End PBXContainerItemProxy section */

/* Begin PBXFileReference section */
		5989BD58269FF4F50021B2C2 /* UpDownGame.app */ = {isa = PBXFileReference; explicitFileType = wrapper.application; includeInIndex = 0; path = UpDownGame.app; sourceTree = BUILT_PRODUCTS_DIR; };
		5989BD5B269FF4F50021B2C2 /* AppDelegate.swift */ = {isa = PBXFileReference; lastKnownFileType = sourcecode.swift; path = AppDelegate.swift; sourceTree = "<group>"; };
		5989BD5D269FF4F50021B2C2 /* SceneDelegate.swift */ = {isa = PBXFileReference; lastKnownFileType = sourcecode.swift; path = SceneDelegate.swift; sourceTree = "<group>"; };
		5989BD5F269FF4F50021B2C2 /* ViewController.swift */ = {isa = PBXFileReference; lastKnownFileType = sourcecode.swift; path = ViewController.swift; sourceTree = "<group>"; };
		5989BD62269FF4F50021B2C2 /* Base */ = {isa = PBXFileReference; lastKnownFileType = file.storyboard; name = Base; path = Base.lproj/Main.storyboard; sourceTree = "<group>"; };
		5989BD64269FF4F60021B2C2 /* Assets.xcassets */ = {isa = PBXFileReference; lastKnownFileType = folder.assetcatalog; path = Assets.xcassets; sourceTree = "<group>"; };
		5989BD67269FF4F60021B2C2 /* Base */ = {isa = PBXFileReference; lastKnownFileType = file.storyboard; name = Base; path = Base.lproj/LaunchScreen.storyboard; sourceTree = "<group>"; };
		5989BD69269FF4F60021B2C2 /* Info.plist */ = {isa = PBXFileReference; lastKnownFileType = text.plist.xml; path = Info.plist; sourceTree = "<group>"; };
		5989BD6E269FF4F60021B2C2 /* UpDownGameTests.xctest */ = {isa = PBXFileReference; explicitFileType = wrapper.cfbundle; includeInIndex = 0; path = UpDownGameTests.xctest; sourceTree = BUILT_PRODUCTS_DIR; };
		5989BD72269FF4F60021B2C2 /* UpDownGameTests.swift */ = {isa = PBXFileReference; lastKnownFileType = sourcecode.swift; path = UpDownGameTests.swift; sourceTree = "<group>"; };
		5989BD74269FF4F60021B2C2 /* Info.plist */ = {isa = PBXFileReference; lastKnownFileType = text.plist.xml; path = Info.plist; sourceTree = "<group>"; };
		5989BD79269FF4F60021B2C2 /* UpDownGameUITests.xctest */ = {isa = PBXFileReference; explicitFileType = wrapper.cfbundle; includeInIndex = 0; path = UpDownGameUITests.xctest; sourceTree = BUILT_PRODUCTS_DIR; };
		5989BD7D269FF4F60021B2C2 /* UpDownGameUITests.swift */ = {isa = PBXFileReference; lastKnownFileType = sourcecode.swift; path = UpDownGameUITests.swift; sourceTree = "<group>"; };
		5989BD7F269FF4F60021B2C2 /* Info.plist */ = {isa = PBXFileReference; lastKnownFileType = text.plist.xml; path = Info.plist; sourceTree = "<group>"; };
		59A8988C26A571D500FADBDA /* CreditViewController.swift */ = {isa = PBXFileReference; lastKnownFileType = sourcecode.swift; path = CreditViewController.swift; sourceTree = "<group>"; };
/* End PBXFileReference section */

/* Begin PBXFrameworksBuildPhase section */
		5989BD55269FF4F50021B2C2 /* Frameworks */ = {
			isa = PBXFrameworksBuildPhase;
			buildActionMask = 2147483647;
			files = (
			);
			runOnlyForDeploymentPostprocessing = 0;
		};
		5989BD6B269FF4F60021B2C2 /* Frameworks */ = {
			isa = PBXFrameworksBuildPhase;
			buildActionMask = 2147483647;
			files = (
			);
			runOnlyForDeploymentPostprocessing = 0;
		};
		5989BD76269FF4F60021B2C2 /* Frameworks */ = {
			isa = PBXFrameworksBuildPhase;
			buildActionMask = 2147483647;
			files = (
			);
			runOnlyForDeploymentPostprocessing = 0;
		};
/* End PBXFrameworksBuildPhase section */

/* Begin PBXGroup section */
		5989BD4F269FF4F50021B2C2 = {
			isa = PBXGroup;
			children = (
				5989BD5A269FF4F50021B2C2 /* UpDownGame */,
				5989BD71269FF4F60021B2C2 /* UpDownGameTests */,
				5989BD7C269FF4F60021B2C2 /* UpDownGameUITests */,
				5989BD59269FF4F50021B2C2 /* Products */,
			);
			sourceTree = "<group>";
		};
		5989BD59269FF4F50021B2C2 /* Products */ = {
			isa = PBXGroup;
			children = (
				5989BD58269FF4F50021B2C2 /* UpDownGame.app */,
				5989BD6E269FF4F60021B2C2 /* UpDownGameTests.xctest */,
				5989BD79269FF4F60021B2C2 /* UpDownGameUITests.xctest */,
			);
			name = Products;
			sourceTree = "<group>";
		};
		5989BD5A269FF4F50021B2C2 /* UpDownGame */ = {
			isa = PBXGroup;
			children = (
				5989BD5B269FF4F50021B2C2 /* AppDelegate.swift */,
				5989BD5D269FF4F50021B2C2 /* SceneDelegate.swift */,
				5989BD5F269FF4F50021B2C2 /* ViewController.swift */,
				59A8988C26A571D500FADBDA /* CreditViewController.swift */,
				5989BD61269FF4F50021B2C2 /* Main.storyboard */,
				5989BD64269FF4F60021B2C2 /* Assets.xcassets */,
				5989BD66269FF4F60021B2C2 /* LaunchScreen.storyboard */,
				5989BD69269FF4F60021B2C2 /* Info.plist */,
			);
			path = UpDownGame;
			sourceTree = "<group>";
		};
		5989BD71269FF4F60021B2C2 /* UpDownGameTests */ = {
			isa = PBXGroup;
			children = (
				5989BD72269FF4F60021B2C2 /* UpDownGameTests.swift */,
				5989BD74269FF4F60021B2C2 /* Info.plist */,
			);
			path = UpDownGameTests;
			sourceTree = "<group>";
		};
		5989BD7C269FF4F60021B2C2 /* UpDownGameUITests */ = {
			isa = PBXGroup;
			children = (
				5989BD7D269FF4F60021B2C2 /* UpDownGameUITests.swift */,
				5989BD7F269FF4F60021B2C2 /* Info.plist */,
			);
			path = UpDownGameUITests;
			sourceTree = "<group>";
		};
/* End PBXGroup section */

/* Begin PBXNativeTarget section */
		5989BD57269FF4F50021B2C2 /* UpDownGame */ = {
			isa = PBXNativeTarget;
			buildConfigurationList = 5989BD82269FF4F60021B2C2 /* Build configuration list for PBXNativeTarget "UpDownGame" */;
			buildPhases = (
				5989BD54269FF4F50021B2C2 /* Sources */,
				5989BD55269FF4F50021B2C2 /* Frameworks */,
				5989BD56269FF4F50021B2C2 /* Resources */,
			);
			buildRules = (
			);
			dependencies = (
			);
			name = UpDownGame;
			productName = UpDownGame;
			productReference = 5989BD58269FF4F50021B2C2 /* UpDownGame.app */;
			productType = "com.apple.product-type.application";
		};
		5989BD6D269FF4F60021B2C2 /* UpDownGameTests */ = {
			isa = PBXNativeTarget;
			buildConfigurationList = 5989BD85269FF4F60021B2C2 /* Build configuration list for PBXNativeTarget "UpDownGameTests" */;
			buildPhases = (
				5989BD6A269FF4F60021B2C2 /* Sources */,
				5989BD6B269FF4F60021B2C2 /* Frameworks */,
				5989BD6C269FF4F60021B2C2 /* Resources */,
			);
			buildRules = (
			);
			dependencies = (
				5989BD70269FF4F60021B2C2 /* PBXTargetDependency */,
			);
			name = UpDownGameTests;
			productName = UpDownGameTests;
			productReference = 5989BD6E269FF4F60021B2C2 /* UpDownGameTests.xctest */;
			productType = "com.apple.product-type.bundle.unit-test";
		};
		5989BD78269FF4F60021B2C2 /* UpDownGameUITests */ = {
			isa = PBXNativeTarget;
			buildConfigurationList = 5989BD88269FF4F60021B2C2 /* Build configuration list for PBXNativeTarget "UpDownGameUITests" */;
			buildPhases = (
				5989BD75269FF4F60021B2C2 /* Sources */,
				5989BD76269FF4F60021B2C2 /* Frameworks */,
				5989BD77269FF4F60021B2C2 /* Resources */,
			);
			buildRules = (
			);
			dependencies = (
				5989BD7B269FF4F60021B2C2 /* PBXTargetDependency */,
			);
			name = UpDownGameUITests;
			productName = UpDownGameUITests;
			productReference = 5989BD79269FF4F60021B2C2 /* UpDownGameUITests.xctest */;
			productType = "com.apple.product-type.bundle.ui-testing";
		};
/* End PBXNativeTarget section */

/* Begin PBXProject section */
		5989BD50269FF4F50021B2C2 /* Project object */ = {
			isa = PBXProject;
			attributes = {
				LastSwiftUpdateCheck = 1250;
				LastUpgradeCheck = 1250;
				TargetAttributes = {
					5989BD57269FF4F50021B2C2 = {
						CreatedOnToolsVersion = 12.5.1;
					};
					5989BD6D269FF4F60021B2C2 = {
						CreatedOnToolsVersion = 12.5.1;
						TestTargetID = 5989BD57269FF4F50021B2C2;
					};
					5989BD78269FF4F60021B2C2 = {
						CreatedOnToolsVersion = 12.5.1;
						TestTargetID = 5989BD57269FF4F50021B2C2;
					};
				};
			};
			buildConfigurationList = 5989BD53269FF4F50021B2C2 /* Build configuration list for PBXProject "UpDownGame" */;
			compatibilityVersion = "Xcode 9.3";
			developmentRegion = en;
			hasScannedForEncodings = 0;
			knownRegions = (
				en,
				Base,
			);
			mainGroup = 5989BD4F269FF4F50021B2C2;
			productRefGroup = 5989BD59269FF4F50021B2C2 /* Products */;
			projectDirPath = "";
			projectRoot = "";
			targets = (
				5989BD57269FF4F50021B2C2 /* UpDownGame */,
				5989BD6D269FF4F60021B2C2 /* UpDownGameTests */,
				5989BD78269FF4F60021B2C2 /* UpDownGameUITests */,
			);
		};
/* End PBXProject section */

/* Begin PBXResourcesBuildPhase section */
		5989BD56269FF4F50021B2C2 /* Resources */ = {
			isa = PBXResourcesBuildPhase;
			buildActionMask = 2147483647;
			files = (
				5989BD68269FF4F60021B2C2 /* LaunchScreen.storyboard in Resources */,
				5989BD65269FF4F60021B2C2 /* Assets.xcassets in Resources */,
				5989BD63269FF4F50021B2C2 /* Main.storyboard in Resources */,
			);
			runOnlyForDeploymentPostprocessing = 0;
		};
		5989BD6C269FF4F60021B2C2 /* Resources */ = {
			isa = PBXResourcesBuildPhase;
			buildActionMask = 2147483647;
			files = (
			);
			runOnlyForDeploymentPostprocessing = 0;
		};
		5989BD77269FF4F60021B2C2 /* Resources */ = {
			isa = PBXResourcesBuildPhase;
			buildActionMask = 2147483647;
			files = (
			);
			runOnlyForDeploymentPostprocessing = 0;
		};
/* End PBXResourcesBuildPhase section */

/* Begin PBXSourcesBuildPhase section */
		5989BD54269FF4F50021B2C2 /* Sources */ = {
			isa = PBXSourcesBuildPhase;
			buildActionMask = 2147483647;
			files = (
				5989BD60269FF4F50021B2C2 /* ViewController.swift in Sources */,
				5989BD5C269FF4F50021B2C2 /* AppDelegate.swift in Sources */,
				5989BD5E269FF4F50021B2C2 /* SceneDelegate.swift in Sources */,
				59A8988D26A571D500FADBDA /* CreditViewController.swift in Sources */,
			);
			runOnlyForDeploymentPostprocessing = 0;
		};
		5989BD6A269FF4F60021B2C2 /* Sources */ = {
			isa = PBXSourcesBuildPhase;
			buildActionMask = 2147483647;
			files = (
				5989BD73269FF4F60021B2C2 /* UpDownGameTests.swift in Sources */,
			);
			runOnlyForDeploymentPostprocessing = 0;
		};
		5989BD75269FF4F60021B2C2 /* Sources */ = {
			isa = PBXSourcesBuildPhase;
			buildActionMask = 2147483647;
			files = (
				5989BD7E269FF4F60021B2C2 /* UpDownGameUITests.swift in Sources */,
			);
			runOnlyForDeploymentPostprocessing = 0;
		};
/* End PBXSourcesBuildPhase section */

/* Begin PBXTargetDependency section */
		5989BD70269FF4F60021B2C2 /* PBXTargetDependency */ = {
			isa = PBXTargetDependency;
			target = 5989BD57269FF4F50021B2C2 /* UpDownGame */;
			targetProxy = 5989BD6F269FF4F60021B2C2 /* PBXContainerItemProxy */;
		};
		5989BD7B269FF4F60021B2C2 /* PBXTargetDependency */ = {
			isa = PBXTargetDependency;
			target = 5989BD57269FF4F50021B2C2 /* UpDownGame */;
			targetProxy = 5989BD7A269FF4F60021B2C2 /* PBXContainerItemProxy */;
		};
/* End PBXTargetDependency section */

/* Begin PBXVariantGroup section */
		5989BD61269FF4F50021B2C2 /* Main.storyboard */ = {
			isa = PBXVariantGroup;
			children = (
				5989BD62269FF4F50021B2C2 /* Base */,
			);
			name = Main.storyboard;
			sourceTree = "<group>";
		};
		5989BD66269FF4F60021B2C2 /* LaunchScreen.storyboard */ = {
			isa = PBXVariantGroup;
			children = (
				5989BD67269FF4F60021B2C2 /* Base */,
			);
			name = LaunchScreen.storyboard;
			sourceTree = "<group>";
		};
/* End PBXVariantGroup section */

/* Begin XCBuildConfiguration section */
		5989BD80269FF4F60021B2C2 /* Debug */ = {
			isa = XCBuildConfiguration;
			buildSettings = {
				ALWAYS_SEARCH_USER_PATHS = NO;
				CLANG_ANALYZER_NONNULL = YES;
				CLANG_ANALYZER_NUMBER_OBJECT_CONVERSION = YES_AGGRESSIVE;
				CLANG_CXX_LANGUAGE_STANDARD = "gnu++14";
				CLANG_CXX_LIBRARY = "libc++";
				CLANG_ENABLE_MODULES = YES;
				CLANG_ENABLE_OBJC_ARC = YES;
				CLANG_ENABLE_OBJC_WEAK = YES;
				CLANG_WARN_BLOCK_CAPTURE_AUTORELEASING = YES;
				CLANG_WARN_BOOL_CONVERSION = YES;
				CLANG_WARN_COMMA = YES;
				CLANG_WARN_CONSTANT_CONVERSION = YES;
				CLANG_WARN_DEPRECATED_OBJC_IMPLEMENTATIONS = YES;
				CLANG_WARN_DIRECT_OBJC_ISA_USAGE = YES_ERROR;
				CLANG_WARN_DOCUMENTATION_COMMENTS = YES;
				CLANG_WARN_EMPTY_BODY = YES;
				CLANG_WARN_ENUM_CONVERSION = YES;
				CLANG_WARN_INFINITE_RECURSION = YES;
				CLANG_WARN_INT_CONVERSION = YES;
				CLANG_WARN_NON_LITERAL_NULL_CONVERSION = YES;
				CLANG_WARN_OBJC_IMPLICIT_RETAIN_SELF = YES;
				CLANG_WARN_OBJC_LITERAL_CONVERSION = YES;
				CLANG_WARN_OBJC_ROOT_CLASS = YES_ERROR;
				CLANG_WARN_QUOTED_INCLUDE_IN_FRAMEWORK_HEADER = YES;
				CLANG_WARN_RANGE_LOOP_ANALYSIS = YES;
				CLANG_WARN_STRICT_PROTOTYPES = YES;
				CLANG_WARN_SUSPICIOUS_MOVE = YES;
				CLANG_WARN_UNGUARDED_AVAILABILITY = YES_AGGRESSIVE;
				CLANG_WARN_UNREACHABLE_CODE = YES;
				CLANG_WARN__DUPLICATE_METHOD_MATCH = YES;
				COPY_PHASE_STRIP = NO;
				DEBUG_INFORMATION_FORMAT = dwarf;
				ENABLE_STRICT_OBJC_MSGSEND = YES;
				ENABLE_TESTABILITY = YES;
				GCC_C_LANGUAGE_STANDARD = gnu11;
				GCC_DYNAMIC_NO_PIC = NO;
				GCC_NO_COMMON_BLOCKS = YES;
				GCC_OPTIMIZATION_LEVEL = 0;
				GCC_PREPROCESSOR_DEFINITIONS = (
					"DEBUG=1",
					"$(inherited)",
				);
				GCC_WARN_64_TO_32_BIT_CONVERSION = YES;
				GCC_WARN_ABOUT_RETURN_TYPE = YES_ERROR;
				GCC_WARN_UNDECLARED_SELECTOR = YES;
				GCC_WARN_UNINITIALIZED_AUTOS = YES_AGGRESSIVE;
				GCC_WARN_UNUSED_FUNCTION = YES;
				GCC_WARN_UNUSED_VARIABLE = YES;
				IPHONEOS_DEPLOYMENT_TARGET = 14.5;
				MTL_ENABLE_DEBUG_INFO = INCLUDE_SOURCE;
				MTL_FAST_MATH = YES;
				ONLY_ACTIVE_ARCH = YES;
				SDKROOT = iphoneos;
				SWIFT_ACTIVE_COMPILATION_CONDITIONS = DEBUG;
				SWIFT_OPTIMIZATION_LEVEL = "-Onone";
			};
			name = Debug;
		};
		5989BD81269FF4F60021B2C2 /* Release */ = {
			isa = XCBuildConfiguration;
			buildSettings = {
				ALWAYS_SEARCH_USER_PATHS = NO;
				CLANG_ANALYZER_NONNULL = YES;
				CLANG_ANALYZER_NUMBER_OBJECT_CONVERSION = YES_AGGRESSIVE;
				CLANG_CXX_LANGUAGE_STANDARD = "gnu++14";
				CLANG_CXX_LIBRARY = "libc++";
				CLANG_ENABLE_MODULES = YES;
				CLANG_ENABLE_OBJC_ARC = YES;
				CLANG_ENABLE_OBJC_WEAK = YES;
				CLANG_WARN_BLOCK_CAPTURE_AUTORELEASING = YES;
				CLANG_WARN_BOOL_CONVERSION = YES;
				CLANG_WARN_COMMA = YES;
				CLANG_WARN_CONSTANT_CONVERSION = YES;
				CLANG_WARN_DEPRECATED_OBJC_IMPLEMENTATIONS = YES;
				CLANG_WARN_DIRECT_OBJC_ISA_USAGE = YES_ERROR;
				CLANG_WARN_DOCUMENTATION_COMMENTS = YES;
				CLANG_WARN_EMPTY_BODY = YES;
				CLANG_WARN_ENUM_CONVERSION = YES;
				CLANG_WARN_INFINITE_RECURSION = YES;
				CLANG_WARN_INT_CONVERSION = YES;
				CLANG_WARN_NON_LITERAL_NULL_CONVERSION = YES;
				CLANG_WARN_OBJC_IMPLICIT_RETAIN_SELF = YES;
				CLANG_WARN_OBJC_LITERAL_CONVERSION = YES;
				CLANG_WARN_OBJC_ROOT_CLASS = YES_ERROR;
				CLANG_WARN_QUOTED_INCLUDE_IN_FRAMEWORK_HEADER = YES;
				CLANG_WARN_RANGE_LOOP_ANALYSIS = YES;
				CLANG_WARN_STRICT_PROTOTYPES = YES;
				CLANG_WARN_SUSPICIOUS_MOVE = YES;
				CLANG_WARN_UNGUARDED_AVAILABILITY = YES_AGGRESSIVE;
				CLANG_WARN_UNREACHABLE_CODE = YES;
				CLANG_WARN__DUPLICATE_METHOD_MATCH = YES;
				COPY_PHASE_STRIP = NO;
				DEBUG_INFORMATION_FORMAT = "dwarf-with-dsym";
				ENABLE_NS_ASSERTIONS = NO;
				ENABLE_STRICT_OBJC_MSGSEND = YES;
				GCC_C_LANGUAGE_STANDARD = gnu11;
				GCC_NO_COMMON_BLOCKS = YES;
				GCC_WARN_64_TO_32_BIT_CONVERSION = YES;
				GCC_WARN_ABOUT_RETURN_TYPE = YES_ERROR;
				GCC_WARN_UNDECLARED_SELECTOR = YES;
				GCC_WARN_UNINITIALIZED_AUTOS = YES_AGGRESSIVE;
				GCC_WARN_UNUSED_FUNCTION = YES;
				GCC_WARN_UNUSED_VARIABLE = YES;
				IPHONEOS_DEPLOYMENT_TARGET = 14.5;
				MTL_ENABLE_DEBUG_INFO = NO;
				MTL_FAST_MATH = YES;
				SDKROOT = iphoneos;
				SWIFT_COMPILATION_MODE = wholemodule;
				SWIFT_OPTIMIZATION_LEVEL = "-O";
				VALIDATE_PRODUCT = YES;
			};
			name = Release;
		};
		5989BD83269FF4F60021B2C2 /* Debug */ = {
			isa = XCBuildConfiguration;
			buildSettings = {
				ASSETCATALOG_COMPILER_APPICON_NAME = AppIcon;
				ASSETCATALOG_COMPILER_GLOBAL_ACCENT_COLOR_NAME = AccentColor;
				CODE_SIGN_STYLE = Automatic;
				DEVELOPMENT_TEAM = UJS5F6Z72L;
				INFOPLIST_FILE = UpDownGame/Info.plist;
				IPHONEOS_DEPLOYMENT_TARGET = 14.5;
				LD_RUNPATH_SEARCH_PATHS = (
					"$(inherited)",
					"@executable_path/Frameworks",
				);
				PRODUCT_BUNDLE_IDENTIFIER = jhjang.UpDownGame;
				PRODUCT_NAME = "$(TARGET_NAME)";
				SWIFT_VERSION = 5.0;
				TARGETED_DEVICE_FAMILY = "1,2";
			};
			name = Debug;
		};
		5989BD84269FF4F60021B2C2 /* Release */ = {
			isa = XCBuildConfiguration;
			buildSettings = {
				ASSETCATALOG_COMPILER_APPICON_NAME = AppIcon;
				ASSETCATALOG_COMPILER_GLOBAL_ACCENT_COLOR_NAME = AccentColor;
				CODE_SIGN_STYLE = Automatic;
				DEVELOPMENT_TEAM = UJS5F6Z72L;
				INFOPLIST_FILE = UpDownGame/Info.plist;
				IPHONEOS_DEPLOYMENT_TARGET = 14.5;
				LD_RUNPATH_SEARCH_PATHS = (
					"$(inherited)",
					"@executable_path/Frameworks",
				);
				PRODUCT_BUNDLE_IDENTIFIER = jhjang.UpDownGame;
				PRODUCT_NAME = "$(TARGET_NAME)";
				SWIFT_VERSION = 5.0;
				TARGETED_DEVICE_FAMILY = "1,2";
			};
			name = Release;
		};
		5989BD86269FF4F60021B2C2 /* Debug */ = {
			isa = XCBuildConfiguration;
			buildSettings = {
				ALWAYS_EMBED_SWIFT_STANDARD_LIBRARIES = YES;
				BUNDLE_LOADER = "$(TEST_HOST)";
				CODE_SIGN_STYLE = Automatic;
				INFOPLIST_FILE = UpDownGameTests/Info.plist;
				IPHONEOS_DEPLOYMENT_TARGET = 14.5;
				LD_RUNPATH_SEARCH_PATHS = (
					"$(inherited)",
					"@executable_path/Frameworks",
					"@loader_path/Frameworks",
				);
				PRODUCT_BUNDLE_IDENTIFIER = jhjang.UpDownGameTests;
				PRODUCT_NAME = "$(TARGET_NAME)";
				SWIFT_VERSION = 5.0;
				TARGETED_DEVICE_FAMILY = "1,2";
				TEST_HOST = "$(BUILT_PRODUCTS_DIR)/UpDownGame.app/UpDownGame";
			};
			name = Debug;
		};
		5989BD87269FF4F60021B2C2 /* Release */ = {
			isa = XCBuildConfiguration;
			buildSettings = {
				ALWAYS_EMBED_SWIFT_STANDARD_LIBRARIES = YES;
				BUNDLE_LOADER = "$(TEST_HOST)";
				CODE_SIGN_STYLE = Automatic;
				INFOPLIST_FILE = UpDownGameTests/Info.plist;
				IPHONEOS_DEPLOYMENT_TARGET = 14.5;
				LD_RUNPATH_SEARCH_PATHS = (
					"$(inherited)",
					"@executable_path/Frameworks",
					"@loader_path/Frameworks",
				);
				PRODUCT_BUNDLE_IDENTIFIER = jhjang.UpDownGameTests;
				PRODUCT_NAME = "$(TARGET_NAME)";
				SWIFT_VERSION = 5.0;
				TARGETED_DEVICE_FAMILY = "1,2";
				TEST_HOST = "$(BUILT_PRODUCTS_DIR)/UpDownGame.app/UpDownGame";
			};
			name = Release;
		};
		5989BD89269FF4F60021B2C2 /* Debug */ = {
			isa = XCBuildConfiguration;
			buildSettings = {
				ALWAYS_EMBED_SWIFT_STANDARD_LIBRARIES = YES;
				CODE_SIGN_STYLE = Automatic;
				INFOPLIST_FILE = UpDownGameUITests/Info.plist;
				LD_RUNPATH_SEARCH_PATHS = (
					"$(inherited)",
					"@executable_path/Frameworks",
					"@loader_path/Frameworks",
				);
				PRODUCT_BUNDLE_IDENTIFIER = jhjang.UpDownGameUITests;
				PRODUCT_NAME = "$(TARGET_NAME)";
				SWIFT_VERSION = 5.0;
				TARGETED_DEVICE_FAMILY = "1,2";
				TEST_TARGET_NAME = UpDownGame;
			};
			name = Debug;
		};
		5989BD8A269FF4F60021B2C2 /* Release */ = {
			isa = XCBuildConfiguration;
			buildSettings = {
				ALWAYS_EMBED_SWIFT_STANDARD_LIBRARIES = YES;
				CODE_SIGN_STYLE = Automatic;
				INFOPLIST_FILE = UpDownGameUITests/Info.plist;
				LD_RUNPATH_SEARCH_PATHS = (
					"$(inherited)",
					"@executable_path/Frameworks",
					"@loader_path/Frameworks",
				);
				PRODUCT_BUNDLE_IDENTIFIER = jhjang.UpDownGameUITests;
				PRODUCT_NAME = "$(TARGET_NAME)";
				SWIFT_VERSION = 5.0;
				TARGETED_DEVICE_FAMILY = "1,2";
				TEST_TARGET_NAME = UpDownGame;
			};
			name = Release;
		};
/* End XCBuildConfiguration section */

/* Begin XCConfigurationList section */
		5989BD53269FF4F50021B2C2 /* Build configuration list for PBXProject "UpDownGame" */ = {
			isa = XCConfigurationList;
			buildConfigurations = (
				5989BD80269FF4F60021B2C2 /* Debug */,
				5989BD81269FF4F60021B2C2 /* Release */,
			);
			defaultConfigurationIsVisible = 0;
			defaultConfigurationName = Release;
		};
		5989BD82269FF4F60021B2C2 /* Build configuration list for PBXNativeTarget "UpDownGame" */ = {
			isa = XCConfigurationList;
			buildConfigurations = (
				5989BD83269FF4F60021B2C2 /* Debug */,
				5989BD84269FF4F60021B2C2 /* Release */,
			);
			defaultConfigurationIsVisible = 0;
			defaultConfigurationName = Release;
		};
		5989BD85269FF4F60021B2C2 /* Build configuration list for PBXNativeTarget "UpDownGameTests" */ = {
			isa = XCConfigurationList;
			buildConfigurations = (
				5989BD86269FF4F60021B2C2 /* Debug */,
				5989BD87269FF4F60021B2C2 /* Release */,
			);
			defaultConfigurationIsVisible = 0;
			defaultConfigurationName = Release;
		};
		5989BD88269FF4F60021B2C2 /* Build configuration list for PBXNativeTarget "UpDownGameUITests" */ = {
			isa = XCConfigurationList;
			buildConfigurations = (
				5989BD89269FF4F60021B2C2 /* Debug */,
				5989BD8A269FF4F60021B2C2 /* Release */,
			);
			defaultConfigurationIsVisible = 0;
			defaultConfigurationName = Release;
		};
/* End XCConfigurationList section */
	};
	rootObject = 5989BD50269FF4F50021B2C2 /* Project object */;
}
